// !$*UTF8*$!
{
	archiveVersion = 1;
	classes = {
	};
	objectVersion = 50;
	objects = {

/* Begin PBXBuildFile section */
		53C2184821AAC48B00B2D2F5 /* AppDelegate.swift in Sources */ = {isa = PBXBuildFile; fileRef = 53C2184721AAC48B00B2D2F5 /* AppDelegate.swift */; };
		53C2184A21AAC48D00B2D2F5 /* Assets.xcassets in Resources */ = {isa = PBXBuildFile; fileRef = 53C2184921AAC48D00B2D2F5 /* Assets.xcassets */; };
		53C2184D21AAC48D00B2D2F5 /* MainMenu.xib in Resources */ = {isa = PBXBuildFile; fileRef = 53C2184B21AAC48D00B2D2F5 /* MainMenu.xib */; };
		53C2185921AAC48D00B2D2F5 /* MediaInfoTests.swift in Sources */ = {isa = PBXBuildFile; fileRef = 53C2185821AAC48D00B2D2F5 /* MediaInfoTests.swift */; };
		53C2186421AAC48D00B2D2F5 /* MediaInfoUITests.swift in Sources */ = {isa = PBXBuildFile; fileRef = 53C2186321AAC48D00B2D2F5 /* MediaInfoUITests.swift */; };
		53C2187521AAC68B00B2D2F5 /* NowPlaying.m in Sources */ = {isa = PBXBuildFile; fileRef = 53C2187421AAC68B00B2D2F5 /* NowPlaying.m */; };
		53C2187821AAC93300B2D2F5 /* MediaRemote.framework in Frameworks */ = {isa = PBXBuildFile; fileRef = 53C2187721AAC93300B2D2F5 /* MediaRemote.framework */; };
		53FEE05E21ABB6F200A34C1A /* Images.swift in Sources */ = {isa = PBXBuildFile; fileRef = 53FEE05D21ABB6F200A34C1A /* Images.swift */; };
/* End PBXBuildFile section */

/* Begin PBXContainerItemProxy section */
		53C2185521AAC48D00B2D2F5 /* PBXContainerItemProxy */ = {
			isa = PBXContainerItemProxy;
			containerPortal = 53C2183C21AAC48B00B2D2F5 /* Project object */;
			proxyType = 1;
			remoteGlobalIDString = 53C2184321AAC48B00B2D2F5;
			remoteInfo = MediaInfo;
		};
		53C2186021AAC48D00B2D2F5 /* PBXContainerItemProxy */ = {
			isa = PBXContainerItemProxy;
			containerPortal = 53C2183C21AAC48B00B2D2F5 /* Project object */;
			proxyType = 1;
			remoteGlobalIDString = 53C2184321AAC48B00B2D2F5;
			remoteInfo = MediaInfo;
		};
/* End PBXContainerItemProxy section */

/* Begin PBXFileReference section */
		53C2184421AAC48B00B2D2F5 /* MediaInfo.app */ = {isa = PBXFileReference; explicitFileType = wrapper.application; includeInIndex = 0; path = MediaInfo.app; sourceTree = BUILT_PRODUCTS_DIR; };
		53C2184721AAC48B00B2D2F5 /* AppDelegate.swift */ = {isa = PBXFileReference; lastKnownFileType = sourcecode.swift; path = AppDelegate.swift; sourceTree = "<group>"; };
		53C2184921AAC48D00B2D2F5 /* Assets.xcassets */ = {isa = PBXFileReference; lastKnownFileType = folder.assetcatalog; path = Assets.xcassets; sourceTree = "<group>"; };
		53C2184C21AAC48D00B2D2F5 /* Base */ = {isa = PBXFileReference; lastKnownFileType = file.xib; name = Base; path = Base.lproj/MainMenu.xib; sourceTree = "<group>"; };
		53C2184E21AAC48D00B2D2F5 /* Info.plist */ = {isa = PBXFileReference; lastKnownFileType = text.plist.xml; path = Info.plist; sourceTree = "<group>"; };
		53C2184F21AAC48D00B2D2F5 /* MediaInfo.entitlements */ = {isa = PBXFileReference; lastKnownFileType = text.plist.entitlements; path = MediaInfo.entitlements; sourceTree = "<group>"; };
		53C2185421AAC48D00B2D2F5 /* MediaInfoTests.xctest */ = {isa = PBXFileReference; explicitFileType = wrapper.cfbundle; includeInIndex = 0; path = MediaInfoTests.xctest; sourceTree = BUILT_PRODUCTS_DIR; };
		53C2185821AAC48D00B2D2F5 /* MediaInfoTests.swift */ = {isa = PBXFileReference; lastKnownFileType = sourcecode.swift; path = MediaInfoTests.swift; sourceTree = "<group>"; };
		53C2185A21AAC48D00B2D2F5 /* Info.plist */ = {isa = PBXFileReference; lastKnownFileType = text.plist.xml; path = Info.plist; sourceTree = "<group>"; };
		53C2185F21AAC48D00B2D2F5 /* MediaInfoUITests.xctest */ = {isa = PBXFileReference; explicitFileType = wrapper.cfbundle; includeInIndex = 0; path = MediaInfoUITests.xctest; sourceTree = BUILT_PRODUCTS_DIR; };
		53C2186321AAC48D00B2D2F5 /* MediaInfoUITests.swift */ = {isa = PBXFileReference; lastKnownFileType = sourcecode.swift; path = MediaInfoUITests.swift; sourceTree = "<group>"; };
		53C2186521AAC48D00B2D2F5 /* Info.plist */ = {isa = PBXFileReference; lastKnownFileType = text.plist.xml; path = Info.plist; sourceTree = "<group>"; };
		53C2187221AAC68A00B2D2F5 /* MediaInfo-Bridging-Header.h */ = {isa = PBXFileReference; lastKnownFileType = sourcecode.c.h; path = "MediaInfo-Bridging-Header.h"; sourceTree = "<group>"; };
		53C2187321AAC68B00B2D2F5 /* NowPlaying.h */ = {isa = PBXFileReference; fileEncoding = 4; lastKnownFileType = sourcecode.c.h; path = NowPlaying.h; sourceTree = "<group>"; };
		53C2187421AAC68B00B2D2F5 /* NowPlaying.m */ = {isa = PBXFileReference; fileEncoding = 4; lastKnownFileType = sourcecode.c.objc; path = NowPlaying.m; sourceTree = "<group>"; };
		53C2187721AAC93300B2D2F5 /* MediaRemote.framework */ = {isa = PBXFileReference; lastKnownFileType = wrapper.framework; name = MediaRemote.framework; path = ../../../../System/Library/PrivateFrameworks/MediaRemote.framework; sourceTree = "<group>"; };
		53FEE05D21ABB6F200A34C1A /* Images.swift */ = {isa = PBXFileReference; lastKnownFileType = sourcecode.swift; path = Images.swift; sourceTree = "<group>"; };
/* End PBXFileReference section */

/* Begin PBXFrameworksBuildPhase section */
		53C2184121AAC48B00B2D2F5 /* Frameworks */ = {
			isa = PBXFrameworksBuildPhase;
			buildActionMask = 2147483647;
			files = (
				53C2187821AAC93300B2D2F5 /* MediaRemote.framework in Frameworks */,
			);
			runOnlyForDeploymentPostprocessing = 0;
		};
		53C2185121AAC48D00B2D2F5 /* Frameworks */ = {
			isa = PBXFrameworksBuildPhase;
			buildActionMask = 2147483647;
			files = (
			);
			runOnlyForDeploymentPostprocessing = 0;
		};
		53C2185C21AAC48D00B2D2F5 /* Frameworks */ = {
			isa = PBXFrameworksBuildPhase;
			buildActionMask = 2147483647;
			files = (
			);
			runOnlyForDeploymentPostprocessing = 0;
		};
/* End PBXFrameworksBuildPhase section */

/* Begin PBXGroup section */
		53C2183B21AAC48B00B2D2F5 = {
			isa = PBXGroup;
			children = (
				53C2184621AAC48B00B2D2F5 /* MediaInfo */,
				53C2185721AAC48D00B2D2F5 /* MediaInfoTests */,
				53C2186221AAC48D00B2D2F5 /* MediaInfoUITests */,
				53C2184521AAC48B00B2D2F5 /* Products */,
				53C2187621AAC93200B2D2F5 /* Frameworks */,
			);
			sourceTree = "<group>";
		};
		53C2184521AAC48B00B2D2F5 /* Products */ = {
			isa = PBXGroup;
			children = (
				53C2184421AAC48B00B2D2F5 /* MediaInfo.app */,
				53C2185421AAC48D00B2D2F5 /* MediaInfoTests.xctest */,
				53C2185F21AAC48D00B2D2F5 /* MediaInfoUITests.xctest */,
			);
			name = Products;
			sourceTree = "<group>";
		};
		53C2184621AAC48B00B2D2F5 /* MediaInfo */ = {
			isa = PBXGroup;
			children = (
				53C2187321AAC68B00B2D2F5 /* NowPlaying.h */,
				53C2187421AAC68B00B2D2F5 /* NowPlaying.m */,
				53C2184721AAC48B00B2D2F5 /* AppDelegate.swift */,
				53FEE05D21ABB6F200A34C1A /* Images.swift */,
				53C2184921AAC48D00B2D2F5 /* Assets.xcassets */,
				53C2184B21AAC48D00B2D2F5 /* MainMenu.xib */,
				53C2184E21AAC48D00B2D2F5 /* Info.plist */,
				53C2184F21AAC48D00B2D2F5 /* MediaInfo.entitlements */,
				53C2187221AAC68A00B2D2F5 /* MediaInfo-Bridging-Header.h */,
			);
			path = MediaInfo;
			sourceTree = "<group>";
		};
		53C2185721AAC48D00B2D2F5 /* MediaInfoTests */ = {
			isa = PBXGroup;
			children = (
				53C2185821AAC48D00B2D2F5 /* MediaInfoTests.swift */,
				53C2185A21AAC48D00B2D2F5 /* Info.plist */,
			);
			path = MediaInfoTests;
			sourceTree = "<group>";
		};
		53C2186221AAC48D00B2D2F5 /* MediaInfoUITests */ = {
			isa = PBXGroup;
			children = (
				53C2186321AAC48D00B2D2F5 /* MediaInfoUITests.swift */,
				53C2186521AAC48D00B2D2F5 /* Info.plist */,
			);
			path = MediaInfoUITests;
			sourceTree = "<group>";
		};
		53C2187621AAC93200B2D2F5 /* Frameworks */ = {
			isa = PBXGroup;
			children = (
				53C2187721AAC93300B2D2F5 /* MediaRemote.framework */,
			);
			name = Frameworks;
			sourceTree = "<group>";
		};
/* End PBXGroup section */

/* Begin PBXNativeTarget section */
		53C2184321AAC48B00B2D2F5 /* MediaInfo */ = {
			isa = PBXNativeTarget;
			buildConfigurationList = 53C2186821AAC48D00B2D2F5 /* Build configuration list for PBXNativeTarget "MediaInfo" */;
			buildPhases = (
				53C2184021AAC48B00B2D2F5 /* Sources */,
				53C2184121AAC48B00B2D2F5 /* Frameworks */,
				53C2184221AAC48B00B2D2F5 /* Resources */,
			);
			buildRules = (
			);
			dependencies = (
			);
			name = MediaInfo;
			productName = MediaInfo;
			productReference = 53C2184421AAC48B00B2D2F5 /* MediaInfo.app */;
			productType = "com.apple.product-type.application";
		};
		53C2185321AAC48D00B2D2F5 /* MediaInfoTests */ = {
			isa = PBXNativeTarget;
			buildConfigurationList = 53C2186B21AAC48D00B2D2F5 /* Build configuration list for PBXNativeTarget "MediaInfoTests" */;
			buildPhases = (
				53C2185021AAC48D00B2D2F5 /* Sources */,
				53C2185121AAC48D00B2D2F5 /* Frameworks */,
				53C2185221AAC48D00B2D2F5 /* Resources */,
			);
			buildRules = (
			);
			dependencies = (
				53C2185621AAC48D00B2D2F5 /* PBXTargetDependency */,
			);
			name = MediaInfoTests;
			productName = MediaInfoTests;
			productReference = 53C2185421AAC48D00B2D2F5 /* MediaInfoTests.xctest */;
			productType = "com.apple.product-type.bundle.unit-test";
		};
		53C2185E21AAC48D00B2D2F5 /* MediaInfoUITests */ = {
			isa = PBXNativeTarget;
			buildConfigurationList = 53C2186E21AAC48D00B2D2F5 /* Build configuration list for PBXNativeTarget "MediaInfoUITests" */;
			buildPhases = (
				53C2185B21AAC48D00B2D2F5 /* Sources */,
				53C2185C21AAC48D00B2D2F5 /* Frameworks */,
				53C2185D21AAC48D00B2D2F5 /* Resources */,
			);
			buildRules = (
			);
			dependencies = (
				53C2186121AAC48D00B2D2F5 /* PBXTargetDependency */,
			);
			name = MediaInfoUITests;
			productName = MediaInfoUITests;
			productReference = 53C2185F21AAC48D00B2D2F5 /* MediaInfoUITests.xctest */;
			productType = "com.apple.product-type.bundle.ui-testing";
		};
/* End PBXNativeTarget section */

/* Begin PBXProject section */
		53C2183C21AAC48B00B2D2F5 /* Project object */ = {
			isa = PBXProject;
			attributes = {
				LastSwiftUpdateCheck = 1010;
				LastUpgradeCheck = 1010;
				ORGANIZATIONNAME = "Sammy Yousif";
				TargetAttributes = {
					53C2184321AAC48B00B2D2F5 = {
						CreatedOnToolsVersion = 10.1;
						LastSwiftMigration = 1010;
					};
					53C2185321AAC48D00B2D2F5 = {
						CreatedOnToolsVersion = 10.1;
						TestTargetID = 53C2184321AAC48B00B2D2F5;
					};
					53C2185E21AAC48D00B2D2F5 = {
						CreatedOnToolsVersion = 10.1;
						TestTargetID = 53C2184321AAC48B00B2D2F5;
					};
				};
			};
			buildConfigurationList = 53C2183F21AAC48B00B2D2F5 /* Build configuration list for PBXProject "MediaInfo" */;
			compatibilityVersion = "Xcode 9.3";
			developmentRegion = en;
			hasScannedForEncodings = 0;
			knownRegions = (
				en,
				Base,
			);
			mainGroup = 53C2183B21AAC48B00B2D2F5;
			productRefGroup = 53C2184521AAC48B00B2D2F5 /* Products */;
			projectDirPath = "";
			projectRoot = "";
			targets = (
				53C2184321AAC48B00B2D2F5 /* MediaInfo */,
				53C2185321AAC48D00B2D2F5 /* MediaInfoTests */,
				53C2185E21AAC48D00B2D2F5 /* MediaInfoUITests */,
			);
		};
/* End PBXProject section */

/* Begin PBXResourcesBuildPhase section */
		53C2184221AAC48B00B2D2F5 /* Resources */ = {
			isa = PBXResourcesBuildPhase;
			buildActionMask = 2147483647;
			files = (
				53C2184A21AAC48D00B2D2F5 /* Assets.xcassets in Resources */,
				53C2184D21AAC48D00B2D2F5 /* MainMenu.xib in Resources */,
			);
			runOnlyForDeploymentPostprocessing = 0;
		};
		53C2185221AAC48D00B2D2F5 /* Resources */ = {
			isa = PBXResourcesBuildPhase;
			buildActionMask = 2147483647;
			files = (
			);
			runOnlyForDeploymentPostprocessing = 0;
		};
		53C2185D21AAC48D00B2D2F5 /* Resources */ = {
			isa = PBXResourcesBuildPhase;
			buildActionMask = 2147483647;
			files = (
			);
			runOnlyForDeploymentPostprocessing = 0;
		};
/* End PBXResourcesBuildPhase section */

/* Begin PBXSourcesBuildPhase section */
		53C2184021AAC48B00B2D2F5 /* Sources */ = {
			isa = PBXSourcesBuildPhase;
			buildActionMask = 2147483647;
			files = (
				53C2184821AAC48B00B2D2F5 /* AppDelegate.swift in Sources */,
				53FEE05E21ABB6F200A34C1A /* Images.swift in Sources */,
				53C2187521AAC68B00B2D2F5 /* NowPlaying.m in Sources */,
			);
			runOnlyForDeploymentPostprocessing = 0;
		};
		53C2185021AAC48D00B2D2F5 /* Sources */ = {
			isa = PBXSourcesBuildPhase;
			buildActionMask = 2147483647;
			files = (
				53C2185921AAC48D00B2D2F5 /* MediaInfoTests.swift in Sources */,
			);
			runOnlyForDeploymentPostprocessing = 0;
		};
		53C2185B21AAC48D00B2D2F5 /* Sources */ = {
			isa = PBXSourcesBuildPhase;
			buildActionMask = 2147483647;
			files = (
				53C2186421AAC48D00B2D2F5 /* MediaInfoUITests.swift in Sources */,
			);
			runOnlyForDeploymentPostprocessing = 0;
		};
/* End PBXSourcesBuildPhase section */

/* Begin PBXTargetDependency section */
		53C2185621AAC48D00B2D2F5 /* PBXTargetDependency */ = {
			isa = PBXTargetDependency;
			target = 53C2184321AAC48B00B2D2F5 /* MediaInfo */;
			targetProxy = 53C2185521AAC48D00B2D2F5 /* PBXContainerItemProxy */;
		};
		53C2186121AAC48D00B2D2F5 /* PBXTargetDependency */ = {
			isa = PBXTargetDependency;
			target = 53C2184321AAC48B00B2D2F5 /* MediaInfo */;
			targetProxy = 53C2186021AAC48D00B2D2F5 /* PBXContainerItemProxy */;
		};
/* End PBXTargetDependency section */

/* Begin PBXVariantGroup section */
		53C2184B21AAC48D00B2D2F5 /* MainMenu.xib */ = {
			isa = PBXVariantGroup;
			children = (
				53C2184C21AAC48D00B2D2F5 /* Base */,
			);
			name = MainMenu.xib;
			sourceTree = "<group>";
		};
/* End PBXVariantGroup section */

/* Begin XCBuildConfiguration section */
		53C2186621AAC48D00B2D2F5 /* Debug */ = {
			isa = XCBuildConfiguration;
			buildSettings = {
				ALWAYS_SEARCH_USER_PATHS = NO;
				CLANG_ANALYZER_NONNULL = YES;
				CLANG_ANALYZER_NUMBER_OBJECT_CONVERSION = YES_AGGRESSIVE;
				CLANG_CXX_LANGUAGE_STANDARD = "gnu++14";
				CLANG_CXX_LIBRARY = "libc++";
				CLANG_ENABLE_MODULES = YES;
				CLANG_ENABLE_OBJC_ARC = YES;
				CLANG_ENABLE_OBJC_WEAK = YES;
				CLANG_WARN_BLOCK_CAPTURE_AUTORELEASING = YES;
				CLANG_WARN_BOOL_CONVERSION = YES;
				CLANG_WARN_COMMA = YES;
				CLANG_WARN_CONSTANT_CONVERSION = YES;
				CLANG_WARN_DEPRECATED_OBJC_IMPLEMENTATIONS = YES;
				CLANG_WARN_DIRECT_OBJC_ISA_USAGE = YES_ERROR;
				CLANG_WARN_DOCUMENTATION_COMMENTS = YES;
				CLANG_WARN_EMPTY_BODY = YES;
				CLANG_WARN_ENUM_CONVERSION = YES;
				CLANG_WARN_INFINITE_RECURSION = YES;
				CLANG_WARN_INT_CONVERSION = YES;
				CLANG_WARN_NON_LITERAL_NULL_CONVERSION = YES;
				CLANG_WARN_OBJC_IMPLICIT_RETAIN_SELF = YES;
				CLANG_WARN_OBJC_LITERAL_CONVERSION = YES;
				CLANG_WARN_OBJC_ROOT_CLASS = YES_ERROR;
				CLANG_WARN_RANGE_LOOP_ANALYSIS = YES;
				CLANG_WARN_STRICT_PROTOTYPES = YES;
				CLANG_WARN_SUSPICIOUS_MOVE = YES;
				CLANG_WARN_UNGUARDED_AVAILABILITY = YES_AGGRESSIVE;
				CLANG_WARN_UNREACHABLE_CODE = YES;
				CLANG_WARN__DUPLICATE_METHOD_MATCH = YES;
				CODE_SIGN_IDENTITY = "Mac Developer";
				COPY_PHASE_STRIP = NO;
				DEBUG_INFORMATION_FORMAT = dwarf;
				ENABLE_STRICT_OBJC_MSGSEND = YES;
				ENABLE_TESTABILITY = YES;
				GCC_C_LANGUAGE_STANDARD = gnu11;
				GCC_DYNAMIC_NO_PIC = NO;
				GCC_NO_COMMON_BLOCKS = YES;
				GCC_OPTIMIZATION_LEVEL = 0;
				GCC_PREPROCESSOR_DEFINITIONS = (
					"DEBUG=1",
					"$(inherited)",
				);
				GCC_WARN_64_TO_32_BIT_CONVERSION = YES;
				GCC_WARN_ABOUT_RETURN_TYPE = YES_ERROR;
				GCC_WARN_UNDECLARED_SELECTOR = YES;
				GCC_WARN_UNINITIALIZED_AUTOS = YES_AGGRESSIVE;
				GCC_WARN_UNUSED_FUNCTION = YES;
				GCC_WARN_UNUSED_VARIABLE = YES;
				MACOSX_DEPLOYMENT_TARGET = 10.14;
				MTL_ENABLE_DEBUG_INFO = INCLUDE_SOURCE;
				MTL_FAST_MATH = YES;
				ONLY_ACTIVE_ARCH = YES;
				SDKROOT = macosx;
				SWIFT_ACTIVE_COMPILATION_CONDITIONS = DEBUG;
				SWIFT_OPTIMIZATION_LEVEL = "-Onone";
			};
			name = Debug;
		};
		53C2186721AAC48D00B2D2F5 /* Release */ = {
			isa = XCBuildConfiguration;
			buildSettings = {
				ALWAYS_SEARCH_USER_PATHS = NO;
				CLANG_ANALYZER_NONNULL = YES;
				CLANG_ANALYZER_NUMBER_OBJECT_CONVERSION = YES_AGGRESSIVE;
				CLANG_CXX_LANGUAGE_STANDARD = "gnu++14";
				CLANG_CXX_LIBRARY = "libc++";
				CLANG_ENABLE_MODULES = YES;
				CLANG_ENABLE_OBJC_ARC = YES;
				CLANG_ENABLE_OBJC_WEAK = YES;
				CLANG_WARN_BLOCK_CAPTURE_AUTORELEASING = YES;
				CLANG_WARN_BOOL_CONVERSION = YES;
				CLANG_WARN_COMMA = YES;
				CLANG_WARN_CONSTANT_CONVERSION = YES;
				CLANG_WARN_DEPRECATED_OBJC_IMPLEMENTATIONS = YES;
				CLANG_WARN_DIRECT_OBJC_ISA_USAGE = YES_ERROR;
				CLANG_WARN_DOCUMENTATION_COMMENTS = YES;
				CLANG_WARN_EMPTY_BODY = YES;
				CLANG_WARN_ENUM_CONVERSION = YES;
				CLANG_WARN_INFINITE_RECURSION = YES;
				CLANG_WARN_INT_CONVERSION = YES;
				CLANG_WARN_NON_LITERAL_NULL_CONVERSION = YES;
				CLANG_WARN_OBJC_IMPLICIT_RETAIN_SELF = YES;
				CLANG_WARN_OBJC_LITERAL_CONVERSION = YES;
				CLANG_WARN_OBJC_ROOT_CLASS = YES_ERROR;
				CLANG_WARN_RANGE_LOOP_ANALYSIS = YES;
				CLANG_WARN_STRICT_PROTOTYPES = YES;
				CLANG_WARN_SUSPICIOUS_MOVE = YES;
				CLANG_WARN_UNGUARDED_AVAILABILITY = YES_AGGRESSIVE;
				CLANG_WARN_UNREACHABLE_CODE = YES;
				CLANG_WARN__DUPLICATE_METHOD_MATCH = YES;
				CODE_SIGN_IDENTITY = "Mac Developer";
				COPY_PHASE_STRIP = NO;
				DEBUG_INFORMATION_FORMAT = "dwarf-with-dsym";
				ENABLE_NS_ASSERTIONS = NO;
				ENABLE_STRICT_OBJC_MSGSEND = YES;
				GCC_C_LANGUAGE_STANDARD = gnu11;
				GCC_NO_COMMON_BLOCKS = YES;
				GCC_WARN_64_TO_32_BIT_CONVERSION = YES;
				GCC_WARN_ABOUT_RETURN_TYPE = YES_ERROR;
				GCC_WARN_UNDECLARED_SELECTOR = YES;
				GCC_WARN_UNINITIALIZED_AUTOS = YES_AGGRESSIVE;
				GCC_WARN_UNUSED_FUNCTION = YES;
				GCC_WARN_UNUSED_VARIABLE = YES;
				MACOSX_DEPLOYMENT_TARGET = 10.14;
				MTL_ENABLE_DEBUG_INFO = NO;
				MTL_FAST_MATH = YES;
				SDKROOT = macosx;
				SWIFT_COMPILATION_MODE = wholemodule;
				SWIFT_OPTIMIZATION_LEVEL = "-O";
			};
			name = Release;
		};
		53C2186921AAC48D00B2D2F5 /* Debug */ = {
			isa = XCBuildConfiguration;
			buildSettings = {
				ASSETCATALOG_COMPILER_APPICON_NAME = AppIcon;
				CLANG_ENABLE_MODULES = YES;
				CODE_SIGN_STYLE = Automatic;
				COMBINE_HIDPI_IMAGES = YES;
				DEVELOPMENT_TEAM = 5E7D5R7C83;
				INFOPLIST_FILE = MediaInfo/Info.plist;
				LD_RUNPATH_SEARCH_PATHS = (
					"$(inherited)",
					"@executable_path/../Frameworks",
				);
				PRODUCT_BUNDLE_IDENTIFIER = me.syousif.MediaInfo;
				PRODUCT_NAME = "$(TARGET_NAME)";
				SWIFT_OBJC_BRIDGING_HEADER = "MediaInfo/MediaInfo-Bridging-Header.h";
				SWIFT_OPTIMIZATION_LEVEL = "-Onone";
				SWIFT_VERSION = 4.2;
				SYSTEM_FRAMEWORK_SEARCH_PATHS = (
					"$(inherited)",
					"$(SYSTEM_LIBRARY_DIR)/PrivateFrameworks",
				);
			};
			name = Debug;
		};
		53C2186A21AAC48D00B2D2F5 /* Release */ = {
			isa = XCBuildConfiguration;
			buildSettings = {
				ASSETCATALOG_COMPILER_APPICON_NAME = AppIcon;
				CLANG_ENABLE_MODULES = YES;
				CODE_SIGN_STYLE = Automatic;
				COMBINE_HIDPI_IMAGES = YES;
				DEVELOPMENT_TEAM = 5E7D5R7C83;
				INFOPLIST_FILE = MediaInfo/Info.plist;
				LD_RUNPATH_SEARCH_PATHS = (
					"$(inherited)",
					"@executable_path/../Frameworks",
				);
				PRODUCT_BUNDLE_IDENTIFIER = me.syousif.MediaInfo;
				PRODUCT_NAME = "$(TARGET_NAME)";
				SWIFT_OBJC_BRIDGING_HEADER = "MediaInfo/MediaInfo-Bridging-Header.h";
				SWIFT_VERSION = 4.2;
				SYSTEM_FRAMEWORK_SEARCH_PATHS = (
					"$(inherited)",
					"$(SYSTEM_LIBRARY_DIR)/PrivateFrameworks",
				);
			};
			name = Release;
		};
		53C2186C21AAC48D00B2D2F5 /* Debug */ = {
			isa = XCBuildConfiguration;
			buildSettings = {
				ALWAYS_EMBED_SWIFT_STANDARD_LIBRARIES = YES;
				BUNDLE_LOADER = "$(TEST_HOST)";
				CODE_SIGN_STYLE = Automatic;
				COMBINE_HIDPI_IMAGES = YES;
				DEVELOPMENT_TEAM = 5E7D5R7C83;
				INFOPLIST_FILE = MediaInfoTests/Info.plist;
				LD_RUNPATH_SEARCH_PATHS = (
					"$(inherited)",
					"@executable_path/../Frameworks",
					"@loader_path/../Frameworks",
				);
				PRODUCT_BUNDLE_IDENTIFIER = me.syousif.MediaInfoTests;
				PRODUCT_NAME = "$(TARGET_NAME)";
				SWIFT_VERSION = 4.2;
				TEST_HOST = "$(BUILT_PRODUCTS_DIR)/MediaInfo.app/Contents/MacOS/MediaInfo";
			};
			name = Debug;
		};
		53C2186D21AAC48D00B2D2F5 /* Release */ = {
			isa = XCBuildConfiguration;
			buildSettings = {
				ALWAYS_EMBED_SWIFT_STANDARD_LIBRARIES = YES;
				BUNDLE_LOADER = "$(TEST_HOST)";
				CODE_SIGN_STYLE = Automatic;
				COMBINE_HIDPI_IMAGES = YES;
				DEVELOPMENT_TEAM = 5E7D5R7C83;
				INFOPLIST_FILE = MediaInfoTests/Info.plist;
				LD_RUNPATH_SEARCH_PATHS = (
					"$(inherited)",
					"@executable_path/../Frameworks",
					"@loader_path/../Frameworks",
				);
				PRODUCT_BUNDLE_IDENTIFIER = me.syousif.MediaInfoTests;
				PRODUCT_NAME = "$(TARGET_NAME)";
				SWIFT_VERSION = 4.2;
				TEST_HOST = "$(BUILT_PRODUCTS_DIR)/MediaInfo.app/Contents/MacOS/MediaInfo";
			};
			name = Release;
		};
		53C2186F21AAC48D00B2D2F5 /* Debug */ = {
			isa = XCBuildConfiguration;
			buildSettings = {
				ALWAYS_EMBED_SWIFT_STANDARD_LIBRARIES = YES;
				CODE_SIGN_STYLE = Automatic;
				COMBINE_HIDPI_IMAGES = YES;
				DEVELOPMENT_TEAM = 5E7D5R7C83;
				INFOPLIST_FILE = MediaInfoUITests/Info.plist;
				LD_RUNPATH_SEARCH_PATHS = (
					"$(inherited)",
					"@executable_path/../Frameworks",
					"@loader_path/../Frameworks",
				);
				PRODUCT_BUNDLE_IDENTIFIER = me.syousif.MediaInfoUITests;
				PRODUCT_NAME = "$(TARGET_NAME)";
				SWIFT_VERSION = 4.2;
				TEST_TARGET_NAME = MediaInfo;
			};
			name = Debug;
		};
		53C2187021AAC48D00B2D2F5 /* Release */ = {
			isa = XCBuildConfiguration;
			buildSettings = {
				ALWAYS_EMBED_SWIFT_STANDARD_LIBRARIES = YES;
				CODE_SIGN_STYLE = Automatic;
				COMBINE_HIDPI_IMAGES = YES;
				DEVELOPMENT_TEAM = 5E7D5R7C83;
				INFOPLIST_FILE = MediaInfoUITests/Info.plist;
				LD_RUNPATH_SEARCH_PATHS = (
					"$(inherited)",
					"@executable_path/../Frameworks",
					"@loader_path/../Frameworks",
				);
				PRODUCT_BUNDLE_IDENTIFIER = me.syousif.MediaInfoUITests;
				PRODUCT_NAME = "$(TARGET_NAME)";
				SWIFT_VERSION = 4.2;
				TEST_TARGET_NAME = MediaInfo;
			};
			name = Release;
		};
/* End XCBuildConfiguration section */

/* Begin XCConfigurationList section */
		53C2183F21AAC48B00B2D2F5 /* Build configuration list for PBXProject "MediaInfo" */ = {
			isa = XCConfigurationList;
			buildConfigurations = (
				53C2186621AAC48D00B2D2F5 /* Debug */,
				53C2186721AAC48D00B2D2F5 /* Release */,
			);
			defaultConfigurationIsVisible = 0;
			defaultConfigurationName = Release;
		};
		53C2186821AAC48D00B2D2F5 /* Build configuration list for PBXNativeTarget "MediaInfo" */ = {
			isa = XCConfigurationList;
			buildConfigurations = (
				53C2186921AAC48D00B2D2F5 /* Debug */,
				53C2186A21AAC48D00B2D2F5 /* Release */,
			);
			defaultConfigurationIsVisible = 0;
			defaultConfigurationName = Release;
		};
		53C2186B21AAC48D00B2D2F5 /* Build configuration list for PBXNativeTarget "MediaInfoTests" */ = {
			isa = XCConfigurationList;
			buildConfigurations = (
				53C2186C21AAC48D00B2D2F5 /* Debug */,
				53C2186D21AAC48D00B2D2F5 /* Release */,
			);
			defaultConfigurationIsVisible = 0;
			defaultConfigurationName = Release;
		};
		53C2186E21AAC48D00B2D2F5 /* Build configuration list for PBXNativeTarget "MediaInfoUITests" */ = {
			isa = XCConfigurationList;
			buildConfigurations = (
				53C2186F21AAC48D00B2D2F5 /* Debug */,
				53C2187021AAC48D00B2D2F5 /* Release */,
			);
			defaultConfigurationIsVisible = 0;
			defaultConfigurationName = Release;
		};
/* End XCConfigurationList section */
	};
	rootObject = 53C2183C21AAC48B00B2D2F5 /* Project object */;
}
